<?xml version="1.0" encoding="UTF-8" standalone="yes" ?>
<CodeBlocks_project_file>
	<FileVersion major="1" minor="6" />
	<Project>
		<Option title="LD_KCube" />
		<Option pch_mode="2" />
		<Option compiler="gcc" />
		<Build>
			<Target title="Release">
				<Option output="bin/Release/LD_KCube" prefix_auto="1" extension_auto="1" />
				<Option object_output="obj/Release/" />
				<Option type="1" />
				<Option compiler="gcc" />
				<Compiler>
					<Add option="-O2" />
					<Add directory="include" />
				</Compiler>
				<Linker>
					<Add option="-s" />
				</Linker>
			</Target>
		</Build>
		<Compiler>
			<Add option="-Wall" />
			<Add option="-std=c++14" />
			<Add directory="include" />
			<Add directory="src" />
		</Compiler>
		<Unit filename="include/LD_KCube.h" />
		<Unit filename="include/LD_ThorPSD.h" />
		<Unit filename="include/LD_ThorRotation.h" />
		<Unit filename="include/LD_Timer.h" />
		<Unit filename="include/LD_Util.h" />
		<Unit filename="include/rs232.h" />
		<Unit filename="main.cpp" />
		<Unit filename="src/LD_KCube.cpp" />
		<Unit filename="src/LD_ThorPSD.cpp" />
		<Unit filename="src/LD_ThorRotation.cpp" />
		<Unit filename="src/LD_Timer.cpp" />
		<Unit filename="src/LD_Util.cpp" />
		<Unit filename="src/rs232.cpp" />
		<Extensions>
			<code_completion />
			<debugger />
		</Extensions>
	</Project>
</CodeBlocks_project_file>
